
Microsoft Visual Studio Solution File, Format Version 12.00
# Visual Studio Version 17
VisualStudioVersion = 17.0.31903.59
MinimumVisualStudioVersion = 10.0.40219.1
Project("{FAE04EC0-301F-11D3-BF4B-00C04F79EFBC}") = "LojaNatal.UWP", "LojaNatal\LojaNatal.UWP\LojaNatal.UWP.csproj", "{A9FA2B7C-CD0E-43C8-9521-5520ED23A6ED}"
EndProject
Project("{FAE04EC0-301F-11D3-BF4B-00C04F79EFBC}") = "LojaNatal.Android", "LojaNatal\LojaNatal.Android\LojaNatal.Android.csproj", "{B65B32BF-1A89-4ECC-A2F0-060E05AA0BF4}"
EndProject
Project("{FAE04EC0-301F-11D3-BF4B-00C04F79EFBC}") = "LojaNatal.iOS", "LojaNatal\LojaNatal.iOS\LojaNatal.iOS.csproj", "{DA7D2EC3-EF57-404F-91D6-E3E8ABEB0A25}"
EndProject
Project("{FAE04EC0-301F-11D3-BF4B-00C04F79EFBC}") = "LojaNatal", "LojaNatal\LojaNatal\LojaNatal.csproj", "{F9C08F0C-3EDA-4FE1-A3F3-AB6320C0AAAF}"
EndProject
Global
	GlobalSection(SolutionConfigurationPlatforms) = preSolution
		Debug|Any CPU = Debug|Any CPU
		Debug|ARM = Debug|ARM
		Debug|iPhone = Debug|iPhone
		Debug|iPhoneSimulator = Debug|iPhoneSimulator
		Debug|x64 = Debug|x64
		Debug|x86 = Debug|x86
		Release|Any CPU = Release|Any CPU
		Release|ARM = Release|ARM
		Release|iPhone = Release|iPhone
		Release|iPhoneSimulator = Release|iPhoneSimulator
		Release|x64 = Release|x64
		Release|x86 = Release|x86
	EndGlobalSection
	GlobalSection(ProjectConfigurationPlatforms) = postSolution
		{A9FA2B7C-CD0E-43C8-9521-5520ED23A6ED}.Debug|Any CPU.ActiveCfg = Debug|x64
		{A9FA2B7C-CD0E-43C8-9521-5520ED23A6ED}.Debug|Any CPU.Build.0 = Debug|x64
		{A9FA2B7C-CD0E-43C8-9521-5520ED23A6ED}.Debug|Any CPU.Deploy.0 = Debug|x64
		{A9FA2B7C-CD0E-43C8-9521-5520ED23A6ED}.Debug|ARM.ActiveCfg = Debug|ARM
		{A9FA2B7C-CD0E-43C8-9521-5520ED23A6ED}.Debug|ARM.Build.0 = Debug|ARM
		{A9FA2B7C-CD0E-43C8-9521-5520ED23A6ED}.Debug|ARM.Deploy.0 = Debug|ARM
		{A9FA2B7C-CD0E-43C8-9521-5520ED23A6ED}.Debug|iPhone.ActiveCfg = Debug|x64
		{A9FA2B7C-CD0E-43C8-9521-5520ED23A6ED}.Debug|iPhone.Build.0 = Debug|x64
		{A9FA2B7C-CD0E-43C8-9521-5520ED23A6ED}.Debug|iPhone.Deploy.0 = Debug|x64
		{A9FA2B7C-CD0E-43C8-9521-5520ED23A6ED}.Debug|iPhoneSimulator.ActiveCfg = Debug|x64
		{A9FA2B7C-CD0E-43C8-9521-5520ED23A6ED}.Debug|iPhoneSimulator.Build.0 = Debug|x64
		{A9FA2B7C-CD0E-43C8-9521-5520ED23A6ED}.Debug|iPhoneSimulator.Deploy.0 = Debug|x64
		{A9FA2B7C-CD0E-43C8-9521-5520ED23A6ED}.Debug|x64.ActiveCfg = Debug|x64
		{A9FA2B7C-CD0E-43C8-9521-5520ED23A6ED}.Debug|x64.Build.0 = Debug|x64
		{A9FA2B7C-CD0E-43C8-9521-5520ED23A6ED}.Debug|x64.Deploy.0 = Debug|x64
		{A9FA2B7C-CD0E-43C8-9521-5520ED23A6ED}.Debug|x86.ActiveCfg = Debug|x86
		{A9FA2B7C-CD0E-43C8-9521-5520ED23A6ED}.Debug|x86.Build.0 = Debug|x86
		{A9FA2B7C-CD0E-43C8-9521-5520ED23A6ED}.Debug|x86.Deploy.0 = Debug|x86
		{A9FA2B7C-CD0E-43C8-9521-5520ED23A6ED}.Release|Any CPU.ActiveCfg = Release|x64
		{A9FA2B7C-CD0E-43C8-9521-5520ED23A6ED}.Release|Any CPU.Build.0 = Release|x64
		{A9FA2B7C-CD0E-43C8-9521-5520ED23A6ED}.Release|Any CPU.Deploy.0 = Release|x64
		{A9FA2B7C-CD0E-43C8-9521-5520ED23A6ED}.Release|ARM.ActiveCfg = Release|ARM
		{A9FA2B7C-CD0E-43C8-9521-5520ED23A6ED}.Release|ARM.Build.0 = Release|ARM
		{A9FA2B7C-CD0E-43C8-9521-5520ED23A6ED}.Release|ARM.Deploy.0 = Release|ARM
		{A9FA2B7C-CD0E-43C8-9521-5520ED23A6ED}.Release|iPhone.ActiveCfg = Release|x64
		{A9FA2B7C-CD0E-43C8-9521-5520ED23A6ED}.Release|iPhone.Build.0 = Release|x64
		{A9FA2B7C-CD0E-43C8-9521-5520ED23A6ED}.Release|iPhone.Deploy.0 = Release|x64
		{A9FA2B7C-CD0E-43C8-9521-5520ED23A6ED}.Release|iPhoneSimulator.ActiveCfg = Release|x64
		{A9FA2B7C-CD0E-43C8-9521-5520ED23A6ED}.Release|iPhoneSimulator.Build.0 = Release|x64
		{A9FA2B7C-CD0E-43C8-9521-5520ED23A6ED}.Release|iPhoneSimulator.Deploy.0 = Release|x64
		{A9FA2B7C-CD0E-43C8-9521-5520ED23A6ED}.Release|x64.ActiveCfg = Release|x64
		{A9FA2B7C-CD0E-43C8-9521-5520ED23A6ED}.Release|x64.Build.0 = Release|x64
		{A9FA2B7C-CD0E-43C8-9521-5520ED23A6ED}.Release|x64.Deploy.0 = Release|x64
		{A9FA2B7C-CD0E-43C8-9521-5520ED23A6ED}.Release|x86.ActiveCfg = Release|x86
		{A9FA2B7C-CD0E-43C8-9521-5520ED23A6ED}.Release|x86.Build.0 = Release|x86
		{A9FA2B7C-CD0E-43C8-9521-5520ED23A6ED}.Release|x86.Deploy.0 = Release|x86
		{B65B32BF-1A89-4ECC-A2F0-060E05AA0BF4}.Debug|Any CPU.ActiveCfg = Debug|Any CPU
		{B65B32BF-1A89-4ECC-A2F0-060E05AA0BF4}.Debug|Any CPU.Build.0 = Debug|Any CPU
		{B65B32BF-1A89-4ECC-A2F0-060E05AA0BF4}.Debug|Any CPU.Deploy.0 = Debug|Any CPU
		{B65B32BF-1A89-4ECC-A2F0-060E05AA0BF4}.Debug|ARM.ActiveCfg = Debug|Any CPU
		{B65B32BF-1A89-4ECC-A2F0-060E05AA0BF4}.Debug|ARM.Build.0 = Debug|Any CPU
		{B65B32BF-1A89-4ECC-A2F0-060E05AA0BF4}.Debug|ARM.Deploy.0 = Debug|Any CPU
		{B65B32BF-1A89-4ECC-A2F0-060E05AA0BF4}.Debug|iPhone.ActiveCfg = Debug|Any CPU
		{B65B32BF-1A89-4ECC-A2F0-060E05AA0BF4}.Debug|iPhone.Build.0 = Debug|Any CPU
		{B65B32BF-1A89-4ECC-A2F0-060E05AA0BF4}.Debug|iPhone.Deploy.0 = Debug|Any CPU
		{B65B32BF-1A89-4ECC-A2F0-060E05AA0BF4}.Debug|iPhoneSimulator.ActiveCfg = Debug|Any CPU
		{B65B32BF-1A89-4ECC-A2F0-060E05AA0BF4}.Debug|iPhoneSimulator.Build.0 = Debug|Any CPU
		{B65B32BF-1A89-4ECC-A2F0-060E05AA0BF4}.Debug|iPhoneSimulator.Deploy.0 = Debug|Any CPU
		{B65B32BF-1A89-4ECC-A2F0-060E05AA0BF4}.Debug|x64.ActiveCfg = Debug|Any CPU
		{B65B32BF-1A89-4ECC-A2F0-060E05AA0BF4}.Debug|x64.Build.0 = Debug|Any CPU
		{B65B32BF-1A89-4ECC-A2F0-060E05AA0BF4}.Debug|x64.Deploy.0 = Debug|Any CPU
		{B65B32BF-1A89-4ECC-A2F0-060E05AA0BF4}.Debug|x86.ActiveCfg = Debug|Any CPU
		{B65B32BF-1A89-4ECC-A2F0-060E05AA0BF4}.Debug|x86.Build.0 = Debug|Any CPU
		{B65B32BF-1A89-4ECC-A2F0-060E05AA0BF4}.Debug|x86.Deploy.0 = Debug|Any CPU
		{B65B32BF-1A89-4ECC-A2F0-060E05AA0BF4}.Release|Any CPU.ActiveCfg = Release|Any CPU
		{B65B32BF-1A89-4ECC-A2F0-060E05AA0BF4}.Release|Any CPU.Build.0 = Release|Any CPU
		{B65B32BF-1A89-4ECC-A2F0-060E05AA0BF4}.Release|Any CPU.Deploy.0 = Release|Any CPU
		{B65B32BF-1A89-4ECC-A2F0-060E05AA0BF4}.Release|ARM.ActiveCfg = Release|Any CPU
		{B65B32BF-1A89-4ECC-A2F0-060E05AA0BF4}.Release|ARM.Build.0 = Release|Any CPU
		{B65B32BF-1A89-4ECC-A2F0-060E05AA0BF4}.Release|ARM.Deploy.0 = Release|Any CPU
		{B65B32BF-1A89-4ECC-A2F0-060E05AA0BF4}.Release|iPhone.ActiveCfg = Release|Any CPU
		{B65B32BF-1A89-4ECC-A2F0-060E05AA0BF4}.Release|iPhone.Build.0 = Release|Any CPU
		{B65B32BF-1A89-4ECC-A2F0-060E05AA0BF4}.Release|iPhone.Deploy.0 = Release|Any CPU
		{B65B32BF-1A89-4ECC-A2F0-060E05AA0BF4}.Release|iPhoneSimulator.ActiveCfg = Release|Any CPU
		{B65B32BF-1A89-4ECC-A2F0-060E05AA0BF4}.Release|iPhoneSimulator.Build.0 = Release|Any CPU
		{B65B32BF-1A89-4ECC-A2F0-060E05AA0BF4}.Release|iPhoneSimulator.Deploy.0 = Release|Any CPU
		{B65B32BF-1A89-4ECC-A2F0-060E05AA0BF4}.Release|x64.ActiveCfg = Release|Any CPU
		{B65B32BF-1A89-4ECC-A2F0-060E05AA0BF4}.Release|x64.Build.0 = Release|Any CPU
		{B65B32BF-1A89-4ECC-A2F0-060E05AA0BF4}.Release|x64.Deploy.0 = Release|Any CPU
		{B65B32BF-1A89-4ECC-A2F0-060E05AA0BF4}.Release|x86.ActiveCfg = Release|Any CPU
		{B65B32BF-1A89-4ECC-A2F0-060E05AA0BF4}.Release|x86.Build.0 = Release|Any CPU
		{B65B32BF-1A89-4ECC-A2F0-060E05AA0BF4}.Release|x86.Deploy.0 = Release|Any CPU
		{DA7D2EC3-EF57-404F-91D6-E3E8ABEB0A25}.Debug|Any CPU.ActiveCfg = Debug|iPhoneSimulator
		{DA7D2EC3-EF57-404F-91D6-E3E8ABEB0A25}.Debug|Any CPU.Build.0 = Debug|iPhoneSimulator
		{DA7D2EC3-EF57-404F-91D6-E3E8ABEB0A25}.Debug|Any CPU.Deploy.0 = Debug|iPhoneSimulator
		{DA7D2EC3-EF57-404F-91D6-E3E8ABEB0A25}.Debug|ARM.ActiveCfg = Debug|iPhoneSimulator
		{DA7D2EC3-EF57-404F-91D6-E3E8ABEB0A25}.Debug|ARM.Build.0 = Debug|iPhoneSimulator
		{DA7D2EC3-EF57-404F-91D6-E3E8ABEB0A25}.Debug|ARM.Deploy.0 = Debug|iPhoneSimulator
		{DA7D2EC3-EF57-404F-91D6-E3E8ABEB0A25}.Debug|iPhone.ActiveCfg = Debug|iPhone
		{DA7D2EC3-EF57-404F-91D6-E3E8ABEB0A25}.Debug|iPhone.Build.0 = Debug|iPhone
		{DA7D2EC3-EF57-404F-91D6-E3E8ABEB0A25}.Debug|iPhone.Deploy.0 = Debug|iPhone
		{DA7D2EC3-EF57-404F-91D6-E3E8ABEB0A25}.Debug|iPhoneSimulator.ActiveCfg = Debug|iPhoneSimulator
		{DA7D2EC3-EF57-404F-91D6-E3E8ABEB0A25}.Debug|iPhoneSimulator.Build.0 = Debug|iPhoneSimulator
		{DA7D2EC3-EF57-404F-91D6-E3E8ABEB0A25}.Debug|iPhoneSimulator.Deploy.0 = Debug|iPhoneSimulator
		{DA7D2EC3-EF57-404F-91D6-E3E8ABEB0A25}.Debug|x64.ActiveCfg = Debug|iPhone
		{DA7D2EC3-EF57-404F-91D6-E3E8ABEB0A25}.Debug|x64.Build.0 = Debug|iPhone
		{DA7D2EC3-EF57-404F-91D6-E3E8ABEB0A25}.Debug|x64.Deploy.0 = Debug|iPhone
		{DA7D2EC3-EF57-404F-91D6-E3E8ABEB0A25}.Debug|x86.ActiveCfg = Debug|iPhoneSimulator
		{DA7D2EC3-EF57-404F-91D6-E3E8ABEB0A25}.Debug|x86.Build.0 = Debug|iPhoneSimulator
		{DA7D2EC3-EF57-404F-91D6-E3E8ABEB0A25}.Debug|x86.Deploy.0 = Debug|iPhoneSimulator
		{DA7D2EC3-EF57-404F-91D6-E3E8ABEB0A25}.Release|Any CPU.ActiveCfg = Release|iPhoneSimulator
		{DA7D2EC3-EF57-404F-91D6-E3E8ABEB0A25}.Release|Any CPU.Build.0 = Release|iPhoneSimulator
		{DA7D2EC3-EF57-404F-91D6-E3E8ABEB0A25}.Release|Any CPU.Deploy.0 = Release|iPhoneSimulator
		{DA7D2EC3-EF57-404F-91D6-E3E8ABEB0A25}.Release|ARM.ActiveCfg = Release|iPhoneSimulator
		{DA7D2EC3-EF57-404F-91D6-E3E8ABEB0A25}.Release|ARM.Build.0 = Release|iPhoneSimulator
		{DA7D2EC3-EF57-404F-91D6-E3E8ABEB0A25}.Release|ARM.Deploy.0 = Release|iPhoneSimulator
		{DA7D2EC3-EF57-404F-91D6-E3E8ABEB0A25}.Release|iPhone.ActiveCfg = Release|iPhone
		{DA7D2EC3-EF57-404F-91D6-E3E8ABEB0A25}.Release|iPhone.Build.0 = Release|iPhone
		{DA7D2EC3-EF57-404F-91D6-E3E8ABEB0A25}.Release|iPhone.Deploy.0 = Release|iPhone
		{DA7D2EC3-EF57-404F-91D6-E3E8ABEB0A25}.Release|iPhoneSimulator.ActiveCfg = Release|iPhoneSimulator
		{DA7D2EC3-EF57-404F-91D6-E3E8ABEB0A25}.Release|iPhoneSimulator.Build.0 = Release|iPhoneSimulator
		{DA7D2EC3-EF57-404F-91D6-E3E8ABEB0A25}.Release|iPhoneSimulator.Deploy.0 = Release|iPhoneSimulator
		{DA7D2EC3-EF57-404F-91D6-E3E8ABEB0A25}.Release|x64.ActiveCfg = Release|iPhoneSimulator
		{DA7D2EC3-EF57-404F-91D6-E3E8ABEB0A25}.Release|x64.Build.0 = Release|iPhoneSimulator
		{DA7D2EC3-EF57-404F-91D6-E3E8ABEB0A25}.Release|x64.Deploy.0 = Release|iPhoneSimulator
		{DA7D2EC3-EF57-404F-91D6-E3E8ABEB0A25}.Release|x86.ActiveCfg = Release|iPhoneSimulator
		{DA7D2EC3-EF57-404F-91D6-E3E8ABEB0A25}.Release|x86.Build.0 = Release|iPhoneSimulator
		{DA7D2EC3-EF57-404F-91D6-E3E8ABEB0A25}.Release|x86.Deploy.0 = Release|iPhoneSimulator
		{F9C08F0C-3EDA-4FE1-A3F3-AB6320C0AAAF}.Debug|Any CPU.ActiveCfg = Debug|Any CPU
		{F9C08F0C-3EDA-4FE1-A3F3-AB6320C0AAAF}.Debug|Any CPU.Build.0 = Debug|Any CPU
		{F9C08F0C-3EDA-4FE1-A3F3-AB6320C0AAAF}.Debug|Any CPU.Deploy.0 = Debug|Any CPU
		{F9C08F0C-3EDA-4FE1-A3F3-AB6320C0AAAF}.Debug|ARM.ActiveCfg = Debug|Any CPU
		{F9C08F0C-3EDA-4FE1-A3F3-AB6320C0AAAF}.Debug|ARM.Build.0 = Debug|Any CPU
		{F9C08F0C-3EDA-4FE1-A3F3-AB6320C0AAAF}.Debug|ARM.Deploy.0 = Debug|Any CPU
		{F9C08F0C-3EDA-4FE1-A3F3-AB6320C0AAAF}.Debug|iPhone.ActiveCfg = Debug|Any CPU
		{F9C08F0C-3EDA-4FE1-A3F3-AB6320C0AAAF}.Debug|iPhone.Build.0 = Debug|Any CPU
		{F9C08F0C-3EDA-4FE1-A3F3-AB6320C0AAAF}.Debug|iPhone.Deploy.0 = Debug|Any CPU
		{F9C08F0C-3EDA-4FE1-A3F3-AB6320C0AAAF}.Debug|iPhoneSimulator.ActiveCfg = Debug|Any CPU
		{F9C08F0C-3EDA-4FE1-A3F3-AB6320C0AAAF}.Debug|iPhoneSimulator.Build.0 = Debug|Any CPU
		{F9C08F0C-3EDA-4FE1-A3F3-AB6320C0AAAF}.Debug|iPhoneSimulator.Deploy.0 = Debug|Any CPU
		{F9C08F0C-3EDA-4FE1-A3F3-AB6320C0AAAF}.Debug|x64.ActiveCfg = Debug|Any CPU
		{F9C08F0C-3EDA-4FE1-A3F3-AB6320C0AAAF}.Debug|x64.Build.0 = Debug|Any CPU
		{F9C08F0C-3EDA-4FE1-A3F3-AB6320C0AAAF}.Debug|x64.Deploy.0 = Debug|Any CPU
		{F9C08F0C-3EDA-4FE1-A3F3-AB6320C0AAAF}.Debug|x86.ActiveCfg = Debug|Any CPU
		{F9C08F0C-3EDA-4FE1-A3F3-AB6320C0AAAF}.Debug|x86.Build.0 = Debug|Any CPU
		{F9C08F0C-3EDA-4FE1-A3F3-AB6320C0AAAF}.Debug|x86.Deploy.0 = Debug|Any CPU
		{F9C08F0C-3EDA-4FE1-A3F3-AB6320C0AAAF}.Release|Any CPU.ActiveCfg = Release|Any CPU
		{F9C08F0C-3EDA-4FE1-A3F3-AB6320C0AAAF}.Release|Any CPU.Build.0 = Release|Any CPU
		{F9C08F0C-3EDA-4FE1-A3F3-AB6320C0AAAF}.Release|Any CPU.Deploy.0 = Release|Any CPU
		{F9C08F0C-3EDA-4FE1-A3F3-AB6320C0AAAF}.Release|ARM.ActiveCfg = Release|Any CPU
		{F9C08F0C-3EDA-4FE1-A3F3-AB6320C0AAAF}.Release|ARM.Build.0 = Release|Any CPU
		{F9C08F0C-3EDA-4FE1-A3F3-AB6320C0AAAF}.Release|ARM.Deploy.0 = Release|Any CPU
		{F9C08F0C-3EDA-4FE1-A3F3-AB6320C0AAAF}.Release|iPhone.ActiveCfg = Release|Any CPU
		{F9C08F0C-3EDA-4FE1-A3F3-AB6320C0AAAF}.Release|iPhone.Build.0 = Release|Any CPU
		{F9C08F0C-3EDA-4FE1-A3F3-AB6320C0AAAF}.Release|iPhone.Deploy.0 = Release|Any CPU
		{F9C08F0C-3EDA-4FE1-A3F3-AB6320C0AAAF}.Release|iPhoneSimulator.ActiveCfg = Release|Any CPU
		{F9C08F0C-3EDA-4FE1-A3F3-AB6320C0AAAF}.Release|iPhoneSimulator.Build.0 = Release|Any CPU
		{F9C08F0C-3EDA-4FE1-A3F3-AB6320C0AAAF}.Release|iPhoneSimulator.Deploy.0 = Release|Any CPU
		{F9C08F0C-3EDA-4FE1-A3F3-AB6320C0AAAF}.Release|x64.ActiveCfg = Release|Any CPU
		{F9C08F0C-3EDA-4FE1-A3F3-AB6320C0AAAF}.Release|x64.Build.0 = Release|Any CPU
		{F9C08F0C-3EDA-4FE1-A3F3-AB6320C0AAAF}.Release|x64.Deploy.0 = Release|Any CPU
		{F9C08F0C-3EDA-4FE1-A3F3-AB6320C0AAAF}.Release|x86.ActiveCfg = Release|Any CPU
		{F9C08F0C-3EDA-4FE1-A3F3-AB6320C0AAAF}.Release|x86.Build.0 = Release|Any CPU
		{F9C08F0C-3EDA-4FE1-A3F3-AB6320C0AAAF}.Release|x86.Deploy.0 = Release|Any CPU
	EndGlobalSection
	GlobalSection(SolutionProperties) = preSolution
		HideSolutionNode = FALSE
	EndGlobalSection
	GlobalSection(ExtensibilityGlobals) = postSolution
		SolutionGuid = {E84929A9-6496-4FDD-B204-E20F787E6AF6}
	EndGlobalSection
EndGlobal
